// !$*UTF8*$!
{
	archiveVersion = 1;
	classes = {
	};
	objectVersion = 46;
	objects = {

/* Begin PBXBuildFile section */
		1E086434200DD79500694573 /* gauss_blur.c in Sources */ = {isa = PBXBuildFile; fileRef = 1E086432200DD79500694573 /* gauss_blur.c */; };
		1E517908200CB0B4008F6DA2 /* main.c in Sources */ = {isa = PBXBuildFile; fileRef = 1E517907200CB0B4008F6DA2 /* main.c */; };
/* End PBXBuildFile section */

/* Begin PBXCopyFilesBuildPhase section */
		1E517902200CB0B4008F6DA2 /* CopyFiles */ = {
			isa = PBXCopyFilesBuildPhase;
			buildActionMask = 2147483647;
			dstPath = /usr/share/man/man1/;
			dstSubfolderSpec = 0;
			files = (
			);
			runOnlyForDeploymentPostprocessing = 1;
		};
/* End PBXCopyFilesBuildPhase section */

/* Begin PBXFileReference section */
		1E086432200DD79500694573 /* gauss_blur.c */ = {isa = PBXFileReference; fileEncoding = 4; lastKnownFileType = sourcecode.c.c; path = gauss_blur.c; sourceTree = "<group>"; };
		1E086433200DD79500694573 /* gauss_blur.h */ = {isa = PBXFileReference; fileEncoding = 4; lastKnownFileType = sourcecode.c.h; path = gauss_blur.h; sourceTree = "<group>"; };
		1E517904200CB0B4008F6DA2 /* GaussBlur */ = {isa = PBXFileReference; explicitFileType = "compiled.mach-o.executable"; includeInIndex = 0; path = GaussBlur; sourceTree = BUILT_PRODUCTS_DIR; };
		1E517907200CB0B4008F6DA2 /* main.c */ = {isa = PBXFileReference; lastKnownFileType = sourcecode.c.c; path = main.c; sourceTree = "<group>"; };
/* End PBXFileReference section */

/* Begin PBXFrameworksBuildPhase section */
		1E517901200CB0B4008F6DA2 /* Frameworks */ = {
			isa = PBXFrameworksBuildPhase;
			buildActionMask = 2147483647;
			files = (
			);
			runOnlyForDeploymentPostprocessing = 0;
		};
/* End PBXFrameworksBuildPhase section */

/* Begin PBXGroup section */
		1E5178FB200CB0B4008F6DA2 = {
			isa = PBXGroup;
			children = (
				1E517906200CB0B4008F6DA2 /* GaussBlur */,
				1E517905200CB0B4008F6DA2 /* Products */,
			);
			sourceTree = "<group>";
		};
		1E517905200CB0B4008F6DA2 /* Products */ = {
			isa = PBXGroup;
			children = (
				1E517904200CB0B4008F6DA2 /* GaussBlur */,
			);
			name = Products;
			sourceTree = "<group>";
		};
		1E517906200CB0B4008F6DA2 /* GaussBlur */ = {
			isa = PBXGroup;
			children = (
				1E517907200CB0B4008F6DA2 /* main.c */,
				1E086432200DD79500694573 /* gauss_blur.c */,
				1E086433200DD79500694573 /* gauss_blur.h */,
			);
			path = GaussBlur;
			sourceTree = "<group>";
		};
/* End PBXGroup section */

/* Begin PBXNativeTarget section */
		1E517903200CB0B4008F6DA2 /* GaussBlur */ = {
			isa = PBXNativeTarget;
			buildConfigurationList = 1E51790B200CB0B4008F6DA2 /* Build configuration list for PBXNativeTarget "GaussBlur" */;
			buildPhases = (
				1E517900200CB0B4008F6DA2 /* Sources */,
				1E517901200CB0B4008F6DA2 /* Frameworks */,
				1E517902200CB0B4008F6DA2 /* CopyFiles */,
			);
			buildRules = (
			);
			dependencies = (
			);
			name = GaussBlur;
			productName = GaussBlur;
			productReference = 1E517904200CB0B4008F6DA2 /* GaussBlur */;
			productType = "com.apple.product-type.tool";
		};
/* End PBXNativeTarget section */

/* Begin PBXProject section */
		1E5178FC200CB0B4008F6DA2 /* Project object */ = {
			isa = PBXProject;
			attributes = {
				LastUpgradeCheck = 0720;
				ORGANIZATIONNAME = wonderidea;
				TargetAttributes = {
					1E517903200CB0B4008F6DA2 = {
						CreatedOnToolsVersion = 7.2.1;
					};
				};
			};
			buildConfigurationList = 1E5178FF200CB0B4008F6DA2 /* Build configuration list for PBXProject "GaussBlur" */;
			compatibilityVersion = "Xcode 3.2";
			developmentRegion = English;
			hasScannedForEncodings = 0;
			knownRegions = (
				en,
			);
			mainGroup = 1E5178FB200CB0B4008F6DA2;
			productRefGroup = 1E517905200CB0B4008F6DA2 /* Products */;
			projectDirPath = "";
			projectRoot = "";
			targets = (
				1E517903200CB0B4008F6DA2 /* GaussBlur */,
			);
		};
/* End PBXProject section */

/* Begin PBXSourcesBuildPhase section */
		1E517900200CB0B4008F6DA2 /* Sources */ = {
			isa = PBXSourcesBuildPhase;
			buildActionMask = 2147483647;
			files = (
				1E086434200DD79500694573 /* gauss_blur.c in Sources */,
				1E517908200CB0B4008F6DA2 /* main.c in Sources */,
			);
			runOnlyForDeploymentPostprocessing = 0;
		};
/* End PBXSourcesBuildPhase section */

/* Begin XCBuildConfiguration section */
		1E517909200CB0B4008F6DA2 /* Debug */ = {
			isa = XCBuildConfiguration;
			buildSettings = {
				ALWAYS_SEARCH_USER_PATHS = NO;
				CLANG_CXX_LANGUAGE_STANDARD = "gnu++0x";
				CLANG_CXX_LIBRARY = "libc++";
				CLANG_ENABLE_MODULES = YES;
				CLANG_ENABLE_OBJC_ARC = YES;
				CLANG_WARN_BOOL_CONVERSION = YES;
				CLANG_WARN_CONSTANT_CONVERSION = YES;
				CLANG_WARN_DIRECT_OBJC_ISA_USAGE = YES_ERROR;
				CLANG_WARN_EMPTY_BODY = YES;
				CLANG_WARN_ENUM_CONVERSION = YES;
				CLANG_WARN_INT_CONVERSION = YES;
				CLANG_WARN_OBJC_ROOT_CLASS = YES_ERROR;
				CLANG_WARN_UNREACHABLE_CODE = YES;
				CLANG_WARN__DUPLICATE_METHOD_MATCH = YES;
				CODE_SIGN_IDENTITY = "-";
				COPY_PHASE_STRIP = NO;
				DEBUG_INFORMATION_FORMAT = dwarf;
				ENABLE_STRICT_OBJC_MSGSEND = YES;
				ENABLE_TESTABILITY = YES;
				GCC_C_LANGUAGE_STANDARD = gnu99;
				GCC_DYNAMIC_NO_PIC = NO;
				GCC_NO_COMMON_BLOCKS = YES;
				GCC_OPTIMIZATION_LEVEL = 0;
				GCC_PREPROCESSOR_DEFINITIONS = (
					"DEBUG=1",
					"$(inherited)",
				);
				GCC_WARN_64_TO_32_BIT_CONVERSION = YES;
				GCC_WARN_ABOUT_RETURN_TYPE = YES_ERROR;
				GCC_WARN_UNDECLARED_SELECTOR = YES;
				GCC_WARN_UNINITIALIZED_AUTOS = YES_AGGRESSIVE;
				GCC_WARN_UNUSED_FUNCTION = YES;
				GCC_WARN_UNUSED_VARIABLE = YES;
				MACOSX_DEPLOYMENT_TARGET = 10.11;
				MTL_ENABLE_DEBUG_INFO = YES;
				ONLY_ACTIVE_ARCH = YES;
				SDKROOT = macosx;
			};
			name = Debug;
		};
		1E51790A200CB0B4008F6DA2 /* Release */ = {
			isa = XCBuildConfiguration;
			buildSettings = {
				ALWAYS_SEARCH_USER_PATHS = NO;
				CLANG_CXX_LANGUAGE_STANDARD = "gnu++0x";
				CLANG_CXX_LIBRARY = "libc++";
				CLANG_ENABLE_MODULES = YES;
				CLANG_ENABLE_OBJC_ARC = YES;
				CLANG_WARN_BOOL_CONVERSION = YES;
				CLANG_WARN_CONSTANT_CONVERSION = YES;
				CLANG_WARN_DIRECT_OBJC_ISA_USAGE = YES_ERROR;
				CLANG_WARN_EMPTY_BODY = YES;
				CLANG_WARN_ENUM_CONVERSION = YES;
				CLANG_WARN_INT_CONVERSION = YES;
				CLANG_WARN_OBJC_ROOT_CLASS = YES_ERROR;
				CLANG_WARN_UNREACHABLE_CODE = YES;
				CLANG_WARN__DUPLICATE_METHOD_MATCH = YES;
				CODE_SIGN_IDENTITY = "-";
				COPY_PHASE_STRIP = NO;
				DEBUG_INFORMATION_FORMAT = "dwarf-with-dsym";
				ENABLE_NS_ASSERTIONS = NO;
				ENABLE_STRICT_OBJC_MSGSEND = YES;
				GCC_C_LANGUAGE_STANDARD = gnu99;
				GCC_NO_COMMON_BLOCKS = YES;
				GCC_WARN_64_TO_32_BIT_CONVERSION = YES;
				GCC_WARN_ABOUT_RETURN_TYPE = YES_ERROR;
				GCC_WARN_UNDECLARED_SELECTOR = YES;
				GCC_WARN_UNINITIALIZED_AUTOS = YES_AGGRESSIVE;
				GCC_WARN_UNUSED_FUNCTION = YES;
				GCC_WARN_UNUSED_VARIABLE = YES;
				MACOSX_DEPLOYMENT_TARGET = 10.11;
				MTL_ENABLE_DEBUG_INFO = NO;
				SDKROOT = macosx;
			};
			name = Release;
		};
		1E51790C200CB0B4008F6DA2 /* Debug */ = {
			isa = XCBuildConfiguration;
			buildSettings = {
				PRODUCT_NAME = "$(TARGET_NAME)";
			};
			name = Debug;
		};
		1E51790D200CB0B4008F6DA2 /* Release */ = {
			isa = XCBuildConfiguration;
			buildSettings = {
				PRODUCT_NAME = "$(TARGET_NAME)";
			};
			name = Release;
		};
/* End XCBuildConfiguration section */

/* Begin XCConfigurationList section */
		1E5178FF200CB0B4008F6DA2 /* Build configuration list for PBXProject "GaussBlur" */ = {
			isa = XCConfigurationList;
			buildConfigurations = (
				1E517909200CB0B4008F6DA2 /* Debug */,
				1E51790A200CB0B4008F6DA2 /* Release */,
			);
			defaultConfigurationIsVisible = 0;
			defaultConfigurationName = Release;
		};
		1E51790B200CB0B4008F6DA2 /* Build configuration list for PBXNativeTarget "GaussBlur" */ = {
			isa = XCConfigurationList;
			buildConfigurations = (
				1E51790C200CB0B4008F6DA2 /* Debug */,
				1E51790D200CB0B4008F6DA2 /* Release */,
			);
			defaultConfigurationIsVisible = 0;
			defaultConfigurationName = Release;
		};
/* End XCConfigurationList section */
	};
	rootObject = 1E5178FC200CB0B4008F6DA2 /* Project object */;
}
